
Microsoft Visual Studio Solution File, Format Version 12.00
# Visual Studio 15
VisualStudioVersion = 15.0.26124.0
MinimumVisualStudioVersion = 15.0.26124.0
Project("{FAE04EC0-301F-11D3-BF4B-00C04F79EFBC}") = "EPAM.CoreWorkshop.ReportHelper", "EPAM.CoreWorkshop.ReportHelper\EPAM.CoreWorkshop.ReportHelper.csproj", "{72384A88-B4D5-46D9-B685-C4BB00A4D024}"
EndProject
Project("{FAE04EC0-301F-11D3-BF4B-00C04F79EFBC}") = "EPAM.CoreWorkshop.ReportHelper.Tests", "EPAM.CoreWorkshop.ReportHelper.Tests\EPAM.CoreWorkshop.ReportHelper.Tests.csproj", "{9F2B1065-5664-497F-930D-52F76A704391}"
EndProject
Global
	GlobalSection(SolutionConfigurationPlatforms) = preSolution
		Debug|Any CPU = Debug|Any CPU
		Debug|x64 = Debug|x64
		Debug|x86 = Debug|x86
		Release|Any CPU = Release|Any CPU
		Release|x64 = Release|x64
		Release|x86 = Release|x86
	EndGlobalSection
	GlobalSection(SolutionProperties) = preSolution
		HideSolutionNode = FALSE
	EndGlobalSection
	GlobalSection(ProjectConfigurationPlatforms) = postSolution
		{72384A88-B4D5-46D9-B685-C4BB00A4D024}.Debug|Any CPU.ActiveCfg = Debug|Any CPU
		{72384A88-B4D5-46D9-B685-C4BB00A4D024}.Debug|Any CPU.Build.0 = Debug|Any CPU
		{72384A88-B4D5-46D9-B685-C4BB00A4D024}.Debug|x64.ActiveCfg = Debug|Any CPU
		{72384A88-B4D5-46D9-B685-C4BB00A4D024}.Debug|x64.Build.0 = Debug|Any CPU
		{72384A88-B4D5-46D9-B685-C4BB00A4D024}.Debug|x86.ActiveCfg = Debug|Any CPU
		{72384A88-B4D5-46D9-B685-C4BB00A4D024}.Debug|x86.Build.0 = Debug|Any CPU
		{72384A88-B4D5-46D9-B685-C4BB00A4D024}.Release|Any CPU.ActiveCfg = Release|Any CPU
		{72384A88-B4D5-46D9-B685-C4BB00A4D024}.Release|Any CPU.Build.0 = Release|Any CPU
		{72384A88-B4D5-46D9-B685-C4BB00A4D024}.Release|x64.ActiveCfg = Release|Any CPU
		{72384A88-B4D5-46D9-B685-C4BB00A4D024}.Release|x64.Build.0 = Release|Any CPU
		{72384A88-B4D5-46D9-B685-C4BB00A4D024}.Release|x86.ActiveCfg = Release|Any CPU
		{72384A88-B4D5-46D9-B685-C4BB00A4D024}.Release|x86.Build.0 = Release|Any CPU
		{9F2B1065-5664-497F-930D-52F76A704391}.Debug|Any CPU.ActiveCfg = Debug|Any CPU
		{9F2B1065-5664-497F-930D-52F76A704391}.Debug|Any CPU.Build.0 = Debug|Any CPU
		{9F2B1065-5664-497F-930D-52F76A704391}.Debug|x64.ActiveCfg = Debug|Any CPU
		{9F2B1065-5664-497F-930D-52F76A704391}.Debug|x64.Build.0 = Debug|Any CPU
		{9F2B1065-5664-497F-930D-52F76A704391}.Debug|x86.ActiveCfg = Debug|Any CPU
		{9F2B1065-5664-497F-930D-52F76A704391}.Debug|x86.Build.0 = Debug|Any CPU
		{9F2B1065-5664-497F-930D-52F76A704391}.Release|Any CPU.ActiveCfg = Release|Any CPU
		{9F2B1065-5664-497F-930D-52F76A704391}.Release|Any CPU.Build.0 = Release|Any CPU
		{9F2B1065-5664-497F-930D-52F76A704391}.Release|x64.ActiveCfg = Release|Any CPU
		{9F2B1065-5664-497F-930D-52F76A704391}.Release|x64.Build.0 = Release|Any CPU
		{9F2B1065-5664-497F-930D-52F76A704391}.Release|x86.ActiveCfg = Release|Any CPU
		{9F2B1065-5664-497F-930D-52F76A704391}.Release|x86.Build.0 = Release|Any CPU
	EndGlobalSection
EndGlobal
